// !$*UTF8*$!
{
	archiveVersion = 1;
	classes = {
	};
	objectVersion = 56;
	objects = {

/* Begin PBXBuildFile section */
		A00000000000000000000001 /* PromptHeistApp.swift in Sources */ = {isa = PBXBuildFile; fileRef = B00000000000000000000001 /* PromptHeistApp.swift */; };
		A00000000000000000000002 /* GameMode.swift in Sources */ = {isa = PBXBuildFile; fileRef = B00000000000000000000002 /* GameMode.swift */; };
		A00000000000000000000003 /* HeistLevel.swift in Sources */ = {isa = PBXBuildFile; fileRef = B00000000000000000000003 /* HeistLevel.swift */; };
		A00000000000000000000004 /* NoxEngine.swift in Sources */ = {isa = PBXBuildFile; fileRef = B00000000000000000000004 /* NoxEngine.swift */; };
		A00000000000000000000005 /* ProgressStore.swift in Sources */ = {isa = PBXBuildFile; fileRef = B00000000000000000000005 /* ProgressStore.swift */; };
		A00000000000000000000006 /* PromptHeistDesign.swift in Sources */ = {isa = PBXBuildFile; fileRef = B00000000000000000000006 /* PromptHeistDesign.swift */; };
		A00000000000000000000007 /* ModelRequirementView.swift in Sources */ = {isa = PBXBuildFile; fileRef = B00000000000000000000007 /* ModelRequirementView.swift */; };
		A00000000000000000000008 /* HomeView.swift in Sources */ = {isa = PBXBuildFile; fileRef = B00000000000000000000008 /* HomeView.swift */; };
		A00000000000000000000009 /* LevelPlayView.swift in Sources */ = {isa = PBXBuildFile; fileRef = B00000000000000000000009 /* LevelPlayView.swift */; };
		A0000000000000000000000A /* LevelResultView.swift in Sources */ = {isa = PBXBuildFile; fileRef = B0000000000000000000000A /* LevelResultView.swift */; };
		A0000000000000000000000B /* LevelSessionViewModel.swift in Sources */ = {isa = PBXBuildFile; fileRef = B0000000000000000000000B /* LevelSessionViewModel.swift */; };
		A0000000000000000000000C /* PrivacyInfo.xcprivacy in Resources */ = {isa = PBXBuildFile; fileRef = B0000000000000000000000D /* PrivacyInfo.xcprivacy */; };
		A0000000000000000000000D /* Assets.xcassets in Resources */ = {isa = PBXBuildFile; fileRef = B0000000000000000000000E /* Assets.xcassets */; };
		A0000000000000000000000E /* PromptHeistCoreTests.swift in Sources */ = {isa = PBXBuildFile; fileRef = B00000000000000000000010 /* PromptHeistCoreTests.swift */; };
		A0000000000000000000000F /* GameCenterService.swift in Sources */ = {isa = PBXBuildFile; fileRef = B00000000000000000000012 /* GameCenterService.swift */; };
		A00000000000000000000010 /* AdsService.swift in Sources */ = {isa = PBXBuildFile; fileRef = B00000000000000000000014 /* AdsService.swift */; };
		A00000000000000000000011 /* BannerAdView.swift in Sources */ = {isa = PBXBuildFile; fileRef = B00000000000000000000015 /* BannerAdView.swift */; };
		A00000000000000000000012 /* GoogleMobileAds in Frameworks */ = {isa = PBXBuildFile; productRef = G00000000000000000000002 /* GoogleMobileAds */; };
		A00000000000000000000013 /* AnalyticsService.swift in Sources */ = {isa = PBXBuildFile; fileRef = B00000000000000000000016 /* AnalyticsService.swift */; };
		A00000000000000000000014 /* GoogleService-Info.plist in Resources */ = {isa = PBXBuildFile; fileRef = B00000000000000000000017 /* GoogleService-Info.plist */; };
		A00000000000000000000015 /* FirebaseCore in Frameworks */ = {isa = PBXBuildFile; productRef = G00000000000000000000004 /* FirebaseCore */; };
		A00000000000000000000016 /* FirebaseAnalyticsCore in Frameworks */ = {isa = PBXBuildFile; productRef = G00000000000000000000005 /* FirebaseAnalyticsCore */; };
/* End PBXBuildFile section */

/* Begin PBXContainerItemProxy section */
		C10000000000000000000001 /* PBXContainerItemProxy */ = {
			isa = PBXContainerItemProxy;
			containerPortal = E00000000000000000000003 /* Project object */;
			proxyType = 1;
			remoteGlobalIDString = E00000000000000000000001;
			remoteInfo = PromptHeist;
		};
/* End PBXContainerItemProxy section */

/* Begin PBXFileReference section */
		B00000000000000000000001 /* PromptHeistApp.swift */ = {isa = PBXFileReference; lastKnownFileType = sourcecode.swift; path = PromptHeistApp.swift; sourceTree = "<group>"; };
		B00000000000000000000002 /* GameMode.swift */ = {isa = PBXFileReference; lastKnownFileType = sourcecode.swift; path = Models/GameMode.swift; sourceTree = "<group>"; };
		B00000000000000000000003 /* HeistLevel.swift */ = {isa = PBXFileReference; lastKnownFileType = sourcecode.swift; path = Models/HeistLevel.swift; sourceTree = "<group>"; };
		B00000000000000000000004 /* NoxEngine.swift */ = {isa = PBXFileReference; lastKnownFileType = sourcecode.swift; path = Services/NoxEngine.swift; sourceTree = "<group>"; };
		B00000000000000000000005 /* ProgressStore.swift */ = {isa = PBXFileReference; lastKnownFileType = sourcecode.swift; path = Services/ProgressStore.swift; sourceTree = "<group>"; };
		B00000000000000000000006 /* PromptHeistDesign.swift */ = {isa = PBXFileReference; lastKnownFileType = sourcecode.swift; path = Design/PromptHeistDesign.swift; sourceTree = "<group>"; };
		B00000000000000000000007 /* ModelRequirementView.swift */ = {isa = PBXFileReference; lastKnownFileType = sourcecode.swift; path = Features/Availability/ModelRequirementView.swift; sourceTree = "<group>"; };
		B00000000000000000000008 /* HomeView.swift */ = {isa = PBXFileReference; lastKnownFileType = sourcecode.swift; path = Features/Home/HomeView.swift; sourceTree = "<group>"; };
		B00000000000000000000009 /* LevelPlayView.swift */ = {isa = PBXFileReference; lastKnownFileType = sourcecode.swift; path = Features/Play/LevelPlayView.swift; sourceTree = "<group>"; };
		B0000000000000000000000A /* LevelResultView.swift */ = {isa = PBXFileReference; lastKnownFileType = sourcecode.swift; path = Features/Play/LevelResultView.swift; sourceTree = "<group>"; };
		B0000000000000000000000B /* LevelSessionViewModel.swift */ = {isa = PBXFileReference; lastKnownFileType = sourcecode.swift; path = Features/Play/LevelSessionViewModel.swift; sourceTree = "<group>"; };
		B0000000000000000000000C /* Info.plist */ = {isa = PBXFileReference; lastKnownFileType = text.plist.xml; path = Info.plist; sourceTree = "<group>"; };
		B0000000000000000000000D /* PrivacyInfo.xcprivacy */ = {isa = PBXFileReference; lastKnownFileType = text.xml; path = PrivacyInfo.xcprivacy; sourceTree = "<group>"; };
		B0000000000000000000000E /* Assets.xcassets */ = {isa = PBXFileReference; lastKnownFileType = folder.assetcatalog; path = Assets.xcassets; sourceTree = "<group>"; };
		B0000000000000000000000F /* Prompt Heist.app */ = {isa = PBXFileReference; explicitFileType = wrapper.application; includeInIndex = 0; path = "Prompt Heist.app"; sourceTree = BUILT_PRODUCTS_DIR; };
		B00000000000000000000010 /* PromptHeistCoreTests.swift */ = {isa = PBXFileReference; lastKnownFileType = sourcecode.swift; path = PromptHeistCoreTests.swift; sourceTree = "<group>"; };
		B00000000000000000000011 /* PromptHeistTests.xctest */ = {isa = PBXFileReference; explicitFileType = wrapper.cfbundle; includeInIndex = 0; path = PromptHeistTests.xctest; sourceTree = BUILT_PRODUCTS_DIR; };
		B00000000000000000000012 /* GameCenterService.swift */ = {isa = PBXFileReference; lastKnownFileType = sourcecode.swift; path = Services/GameCenterService.swift; sourceTree = "<group>"; };
		B00000000000000000000013 /* PromptHeist.entitlements */ = {isa = PBXFileReference; lastKnownFileType = text.plist.entitlements; path = PromptHeist.entitlements; sourceTree = "<group>"; };
		B00000000000000000000014 /* AdsService.swift */ = {isa = PBXFileReference; lastKnownFileType = sourcecode.swift; path = Services/AdsService.swift; sourceTree = "<group>"; };
		B00000000000000000000015 /* BannerAdView.swift */ = {isa = PBXFileReference; lastKnownFileType = sourcecode.swift; path = Features/Ads/BannerAdView.swift; sourceTree = "<group>"; };
		B00000000000000000000016 /* AnalyticsService.swift */ = {isa = PBXFileReference; lastKnownFileType = sourcecode.swift; path = Services/AnalyticsService.swift; sourceTree = "<group>"; };
		B00000000000000000000017 /* GoogleService-Info.plist */ = {isa = PBXFileReference; lastKnownFileType = text.plist.xml; path = "GoogleService-Info.plist"; sourceTree = "<group>"; };
/* End PBXFileReference section */

/* Begin PBXFrameworksBuildPhase section */
		C00000000000000000000001 /* Frameworks */ = {
			isa = PBXFrameworksBuildPhase;
			buildActionMask = 2147483647;
			files = (
				A00000000000000000000012 /* GoogleMobileAds in Frameworks */,
				A00000000000000000000015 /* FirebaseCore in Frameworks */,
				A00000000000000000000016 /* FirebaseAnalyticsCore in Frameworks */,
			);
			runOnlyForDeploymentPostprocessing = 0;
		};
		C00000000000000000000002 /* Frameworks */ = {
			isa = PBXFrameworksBuildPhase;
			buildActionMask = 2147483647;
			files = (
			);
			runOnlyForDeploymentPostprocessing = 0;
		};
/* End PBXFrameworksBuildPhase section */

/* Begin PBXGroup section */
		D00000000000000000000001 = {
			isa = PBXGroup;
			children = (
				D00000000000000000000002 /* PromptHeist */,
				D00000000000000000000004 /* PromptHeistTests */,
				D00000000000000000000003 /* Products */,
			);
			sourceTree = "<group>";
		};
		D00000000000000000000002 /* PromptHeist */ = {
			isa = PBXGroup;
			children = (
				B00000000000000000000001 /* PromptHeistApp.swift */,
				B00000000000000000000002 /* GameMode.swift */,
				B00000000000000000000003 /* HeistLevel.swift */,
				B00000000000000000000004 /* NoxEngine.swift */,
				B00000000000000000000005 /* ProgressStore.swift */,
				B00000000000000000000012 /* GameCenterService.swift */,
				B00000000000000000000014 /* AdsService.swift */,
				B00000000000000000000016 /* AnalyticsService.swift */,
				B00000000000000000000006 /* PromptHeistDesign.swift */,
				B00000000000000000000007 /* ModelRequirementView.swift */,
				B00000000000000000000008 /* HomeView.swift */,
				B00000000000000000000015 /* BannerAdView.swift */,
				B00000000000000000000009 /* LevelPlayView.swift */,
				B0000000000000000000000A /* LevelResultView.swift */,
				B0000000000000000000000B /* LevelSessionViewModel.swift */,
				B0000000000000000000000C /* Info.plist */,
				B00000000000000000000017 /* GoogleService-Info.plist */,
				B0000000000000000000000D /* PrivacyInfo.xcprivacy */,
				B00000000000000000000013 /* PromptHeist.entitlements */,
				B0000000000000000000000E /* Assets.xcassets */,
			);
			path = PromptHeist;
			sourceTree = "<group>";
		};
		D00000000000000000000003 /* Products */ = {
			isa = PBXGroup;
			children = (
				B0000000000000000000000F /* Prompt Heist.app */,
				B00000000000000000000011 /* PromptHeistTests.xctest */,
			);
			name = Products;
			sourceTree = "<group>";
		};
		D00000000000000000000004 /* PromptHeistTests */ = {
			isa = PBXGroup;
			children = (
				B00000000000000000000010 /* PromptHeistCoreTests.swift */,
			);
			path = PromptHeistTests;
			sourceTree = "<group>";
		};
/* End PBXGroup section */

/* Begin PBXNativeTarget section */
		E00000000000000000000001 /* PromptHeist */ = {
			isa = PBXNativeTarget;
			buildConfigurationList = E00000000000000000000002 /* Build configuration list for PBXNativeTarget "PromptHeist" */;
			buildPhases = (
				F00000000000000000000001 /* Sources */,
				C00000000000000000000001 /* Frameworks */,
				F00000000000000000000002 /* Resources */,
			);
			buildRules = (
			);
			dependencies = (
			);
			name = PromptHeist;
			packageProductDependencies = (
				G00000000000000000000002 /* GoogleMobileAds */,
				G00000000000000000000004 /* FirebaseCore */,
				G00000000000000000000005 /* FirebaseAnalyticsCore */,
			);
			productName = PromptHeist;
			productReference = B0000000000000000000000F /* Prompt Heist.app */;
			productType = "com.apple.product-type.application";
		};
		E00000000000000000000005 /* PromptHeistTests */ = {
			isa = PBXNativeTarget;
			buildConfigurationList = E00000000000000000000006 /* Build configuration list for PBXNativeTarget "PromptHeistTests" */;
			buildPhases = (
				F00000000000000000000003 /* Sources */,
				C00000000000000000000002 /* Frameworks */,
				F00000000000000000000004 /* Resources */,
			);
			buildRules = (
			);
			dependencies = (
				E00000000000000000000007 /* PBXTargetDependency */,
			);
			name = PromptHeistTests;
			productName = PromptHeistTests;
			productReference = B00000000000000000000011 /* PromptHeistTests.xctest */;
			productType = "com.apple.product-type.bundle.unit-test";
		};
/* End PBXNativeTarget section */

/* Begin PBXProject section */
		E00000000000000000000003 /* Project object */ = {
			isa = PBXProject;
			attributes = {
				BuildIndependentTargetsInParallel = YES;
				LastSwiftUpdateCheck = 2640;
				LastUpgradeCheck = 2640;
				TargetAttributes = {
					E00000000000000000000001 = {
						CreatedOnToolsVersion = 26.4;
						SystemCapabilities = {
							com.apple.GameCenter = {
								enabled = 1;
							};
						};
					};
					E00000000000000000000005 = {
						CreatedOnToolsVersion = 26.4;
						TestTargetID = E00000000000000000000001;
					};
				};
			};
			buildConfigurationList = E00000000000000000000004 /* Build configuration list for PBXProject "PromptHeist" */;
			compatibilityVersion = "Xcode 14.0";
			developmentRegion = en;
			hasScannedForEncodings = 0;
			knownRegions = (
				en,
				Base,
			);
			mainGroup = D00000000000000000000001;
			productRefGroup = D00000000000000000000003 /* Products */;
			packageReferences = (
				G00000000000000000000001 /* XCRemoteSwiftPackageReference "swift-package-manager-google-mobile-ads" */,
				G00000000000000000000003 /* XCRemoteSwiftPackageReference "firebase-ios-sdk" */,
			);
			projectDirPath = "";
			projectRoot = "";
			targets = (
				E00000000000000000000001 /* PromptHeist */,
				E00000000000000000000005 /* PromptHeistTests */,
			);
		};
/* End PBXProject section */

/* Begin PBXResourcesBuildPhase section */
		F00000000000000000000002 /* Resources */ = {
			isa = PBXResourcesBuildPhase;
			buildActionMask = 2147483647;
			files = (
				A0000000000000000000000C /* PrivacyInfo.xcprivacy in Resources */,
				A0000000000000000000000D /* Assets.xcassets in Resources */,
				A00000000000000000000014 /* GoogleService-Info.plist in Resources */,
			);
			runOnlyForDeploymentPostprocessing = 0;
		};
		F00000000000000000000004 /* Resources */ = {
			isa = PBXResourcesBuildPhase;
			buildActionMask = 2147483647;
			files = (
			);
			runOnlyForDeploymentPostprocessing = 0;
		};
/* End PBXResourcesBuildPhase section */

/* Begin PBXSourcesBuildPhase section */
		F00000000000000000000001 /* Sources */ = {
			isa = PBXSourcesBuildPhase;
			buildActionMask = 2147483647;
			files = (
				A00000000000000000000001 /* PromptHeistApp.swift in Sources */,
				A00000000000000000000002 /* GameMode.swift in Sources */,
				A00000000000000000000003 /* HeistLevel.swift in Sources */,
				A00000000000000000000004 /* NoxEngine.swift in Sources */,
				A00000000000000000000005 /* ProgressStore.swift in Sources */,
				A0000000000000000000000F /* GameCenterService.swift in Sources */,
				A00000000000000000000010 /* AdsService.swift in Sources */,
				A00000000000000000000013 /* AnalyticsService.swift in Sources */,
				A00000000000000000000006 /* PromptHeistDesign.swift in Sources */,
				A00000000000000000000007 /* ModelRequirementView.swift in Sources */,
				A00000000000000000000008 /* HomeView.swift in Sources */,
				A00000000000000000000011 /* BannerAdView.swift in Sources */,
				A00000000000000000000009 /* LevelPlayView.swift in Sources */,
				A0000000000000000000000A /* LevelResultView.swift in Sources */,
				A0000000000000000000000B /* LevelSessionViewModel.swift in Sources */,
			);
			runOnlyForDeploymentPostprocessing = 0;
		};
		F00000000000000000000003 /* Sources */ = {
			isa = PBXSourcesBuildPhase;
			buildActionMask = 2147483647;
			files = (
				A0000000000000000000000E /* PromptHeistCoreTests.swift in Sources */,
			);
			runOnlyForDeploymentPostprocessing = 0;
		};
/* End PBXSourcesBuildPhase section */

/* Begin PBXTargetDependency section */
		E00000000000000000000007 /* PBXTargetDependency */ = {
			isa = PBXTargetDependency;
			target = E00000000000000000000001 /* PromptHeist */;
			targetProxy = C10000000000000000000001 /* PBXContainerItemProxy */;
		};
/* End PBXTargetDependency section */

/* Begin XCBuildConfiguration section */
		F10000000000000000000001 /* Debug */ = {
			isa = XCBuildConfiguration;
			buildSettings = {
				ALWAYS_SEARCH_USER_PATHS = NO;
				CLANG_ENABLE_MODULES = YES;
				CLANG_ENABLE_OBJC_ARC = YES;
				COPY_PHASE_STRIP = NO;
				DEBUG_INFORMATION_FORMAT = dwarf;
				ENABLE_TESTABILITY = YES;
				GCC_C_LANGUAGE_STANDARD = gnu17;
				GCC_OPTIMIZATION_LEVEL = 0;
				IPHONEOS_DEPLOYMENT_TARGET = 26.0;
				MTL_ENABLE_DEBUG_INFO = INCLUDE_SOURCE;
				ONLY_ACTIVE_ARCH = YES;
				SDKROOT = iphoneos;
				SWIFT_ACTIVE_COMPILATION_CONDITIONS = "DEBUG $(inherited)";
				SWIFT_OPTIMIZATION_LEVEL = "-Onone";
			};
			name = Debug;
		};
		F10000000000000000000002 /* Release */ = {
			isa = XCBuildConfiguration;
			buildSettings = {
				ALWAYS_SEARCH_USER_PATHS = NO;
				CLANG_ENABLE_MODULES = YES;
				CLANG_ENABLE_OBJC_ARC = YES;
				COPY_PHASE_STRIP = NO;
				DEBUG_INFORMATION_FORMAT = "dwarf-with-dsym";
				ENABLE_NS_ASSERTIONS = NO;
				GCC_C_LANGUAGE_STANDARD = gnu17;
				IPHONEOS_DEPLOYMENT_TARGET = 26.0;
				MTL_ENABLE_DEBUG_INFO = NO;
				SDKROOT = iphoneos;
				SWIFT_COMPILATION_MODE = wholemodule;
				VALIDATE_PRODUCT = YES;
			};
			name = Release;
		};
		F10000000000000000000003 /* Debug */ = {
			isa = XCBuildConfiguration;
			buildSettings = {
				ASSETCATALOG_COMPILER_APPICON_NAME = AppIcon;
				CODE_SIGN_STYLE = Automatic;
				CODE_SIGN_ENTITLEMENTS = PromptHeist/PromptHeist.entitlements;
				CURRENT_PROJECT_VERSION = 11;
				DEVELOPMENT_TEAM = AV4XNY669E;
				GENERATE_INFOPLIST_FILE = NO;
				INFOPLIST_FILE = PromptHeist/Info.plist;
				IPHONEOS_DEPLOYMENT_TARGET = 26.0;
				MARKETING_VERSION = 3.0.0;
				OTHER_LDFLAGS = (
					"$(inherited)",
					"-ObjC",
				);
				PRODUCT_BUNDLE_IDENTIFIER = game.promptheist.mobile;
				PRODUCT_NAME = "Prompt Heist";
				SUPPORTED_PLATFORMS = "iphoneos iphonesimulator";
				SUPPORTS_MACCATALYST = NO;
				SWIFT_EMIT_LOC_STRINGS = YES;
				SWIFT_STRICT_CONCURRENCY = complete;
				SWIFT_VERSION = 6.0;
				TARGETED_DEVICE_FAMILY = 1;
			};
			name = Debug;
		};
		F10000000000000000000004 /* Release */ = {
			isa = XCBuildConfiguration;
			buildSettings = {
				ASSETCATALOG_COMPILER_APPICON_NAME = AppIcon;
				CODE_SIGN_STYLE = Automatic;
				CODE_SIGN_ENTITLEMENTS = PromptHeist/PromptHeist.entitlements;
				CURRENT_PROJECT_VERSION = 11;
				DEVELOPMENT_TEAM = AV4XNY669E;
				GENERATE_INFOPLIST_FILE = NO;
				INFOPLIST_FILE = PromptHeist/Info.plist;
				IPHONEOS_DEPLOYMENT_TARGET = 26.0;
				MARKETING_VERSION = 3.0.0;
				OTHER_LDFLAGS = (
					"$(inherited)",
					"-ObjC",
				);
				PRODUCT_BUNDLE_IDENTIFIER = game.promptheist.mobile;
				PRODUCT_NAME = "Prompt Heist";
				SUPPORTED_PLATFORMS = "iphoneos iphonesimulator";
				SUPPORTS_MACCATALYST = NO;
				SWIFT_EMIT_LOC_STRINGS = YES;
				SWIFT_STRICT_CONCURRENCY = complete;
				SWIFT_VERSION = 6.0;
				TARGETED_DEVICE_FAMILY = 1;
			};
			name = Release;
		};
		F10000000000000000000005 /* Debug */ = {
			isa = XCBuildConfiguration;
			buildSettings = {
				BUNDLE_LOADER = "$(TEST_HOST)";
				CODE_SIGN_STYLE = Automatic;
				DEVELOPMENT_TEAM = AV4XNY669E;
				GENERATE_INFOPLIST_FILE = YES;
				IPHONEOS_DEPLOYMENT_TARGET = 26.0;
				PRODUCT_BUNDLE_IDENTIFIER = game.promptheist.mobile.tests;
				PRODUCT_NAME = "$(TARGET_NAME)";
				SWIFT_STRICT_CONCURRENCY = complete;
				SWIFT_VERSION = 6.0;
				TARGETED_DEVICE_FAMILY = 1;
				TEST_HOST = "$(BUILT_PRODUCTS_DIR)/Prompt Heist.app/$(BUNDLE_EXECUTABLE_FOLDER_PATH)/Prompt Heist";
			};
			name = Debug;
		};
		F10000000000000000000006 /* Release */ = {
			isa = XCBuildConfiguration;
			buildSettings = {
				BUNDLE_LOADER = "$(TEST_HOST)";
				CODE_SIGN_STYLE = Automatic;
				DEVELOPMENT_TEAM = AV4XNY669E;
				GENERATE_INFOPLIST_FILE = YES;
				IPHONEOS_DEPLOYMENT_TARGET = 26.0;
				PRODUCT_BUNDLE_IDENTIFIER = game.promptheist.mobile.tests;
				PRODUCT_NAME = "$(TARGET_NAME)";
				SWIFT_STRICT_CONCURRENCY = complete;
				SWIFT_VERSION = 6.0;
				TARGETED_DEVICE_FAMILY = 1;
				TEST_HOST = "$(BUILT_PRODUCTS_DIR)/Prompt Heist.app/$(BUNDLE_EXECUTABLE_FOLDER_PATH)/Prompt Heist";
			};
			name = Release;
		};
/* End XCBuildConfiguration section */

/* Begin XCConfigurationList section */
		E00000000000000000000002 /* Build configuration list for PBXNativeTarget "PromptHeist" */ = {
			isa = XCConfigurationList;
			buildConfigurations = (
				F10000000000000000000003 /* Debug */,
				F10000000000000000000004 /* Release */,
			);
			defaultConfigurationIsVisible = 0;
			defaultConfigurationName = Release;
		};
		E00000000000000000000004 /* Build configuration list for PBXProject "PromptHeist" */ = {
			isa = XCConfigurationList;
			buildConfigurations = (
				F10000000000000000000001 /* Debug */,
				F10000000000000000000002 /* Release */,
			);
			defaultConfigurationIsVisible = 0;
			defaultConfigurationName = Release;
		};
		E00000000000000000000006 /* Build configuration list for PBXNativeTarget "PromptHeistTests" */ = {
			isa = XCConfigurationList;
			buildConfigurations = (
				F10000000000000000000005 /* Debug */,
				F10000000000000000000006 /* Release */,
			);
			defaultConfigurationIsVisible = 0;
			defaultConfigurationName = Release;
		};
/* End XCConfigurationList section */

/* Begin XCRemoteSwiftPackageReference section */
		G00000000000000000000001 /* XCRemoteSwiftPackageReference "swift-package-manager-google-mobile-ads" */ = {
			isa = XCRemoteSwiftPackageReference;
			repositoryURL = "https://github.com/googleads/swift-package-manager-google-mobile-ads.git";
			requirement = {
				kind = upToNextMajorVersion;
				minimumVersion = 13.6.0;
			};
		};
		G00000000000000000000003 /* XCRemoteSwiftPackageReference "firebase-ios-sdk" */ = {
			isa = XCRemoteSwiftPackageReference;
			repositoryURL = "https://github.com/firebase/firebase-ios-sdk.git";
			requirement = {
				kind = upToNextMajorVersion;
				minimumVersion = 12.16.0;
			};
		};
/* End XCRemoteSwiftPackageReference section */

/* Begin XCSwiftPackageProductDependency section */
		G00000000000000000000002 /* GoogleMobileAds */ = {
			isa = XCSwiftPackageProductDependency;
			package = G00000000000000000000001 /* XCRemoteSwiftPackageReference "swift-package-manager-google-mobile-ads" */;
			productName = GoogleMobileAds;
		};
		G00000000000000000000004 /* FirebaseCore */ = {
			isa = XCSwiftPackageProductDependency;
			package = G00000000000000000000003 /* XCRemoteSwiftPackageReference "firebase-ios-sdk" */;
			productName = FirebaseCore;
		};
		G00000000000000000000005 /* FirebaseAnalyticsCore */ = {
			isa = XCSwiftPackageProductDependency;
			package = G00000000000000000000003 /* XCRemoteSwiftPackageReference "firebase-ios-sdk" */;
			productName = FirebaseAnalyticsCore;
		};
/* End XCSwiftPackageProductDependency section */
	};
	rootObject = E00000000000000000000003 /* Project object */;
}
